
Microsoft Visual Studio Solution File, Format Version 12.00
# Visual Studio Version 17
VisualStudioVersion = 17.0.32112.339
MinimumVisualStudioVersion = 10.0.40219.1
Project("{FAE04EC0-301F-11D3-BF4B-00C04F79EFBC}") = "Assembler", "Assembler\Assembler.csproj", "{DC05FFEC-A67E-44DA-8A15-656816D92AC7}"
	ProjectSection(ProjectDependencies) = postProject
		{E86F65ED-AE31-47A6-AB39-D99368C02ABD} = {E86F65ED-AE31-47A6-AB39-D99368C02ABD}
	EndProjectSection
EndProject
Project("{FAE04EC0-301F-11D3-BF4B-00C04F79EFBC}") = "AssemblerLib", "AssemblerLib\AssemblerLib.csproj", "{E86F65ED-AE31-47A6-AB39-D99368C02ABD}"
EndProject
Global
	GlobalSection(SolutionConfigurationPlatforms) = preSolution
		Debug 7|Any CPU = Debug 7|Any CPU
		Debug 8|Any CPU = Debug 8|Any CPU
		Release|Any CPU = Release|Any CPU
	EndGlobalSection
	GlobalSection(ProjectConfigurationPlatforms) = postSolution
		{DC05FFEC-A67E-44DA-8A15-656816D92AC7}.Debug 7|Any CPU.ActiveCfg = Debug|Any CPU
		{DC05FFEC-A67E-44DA-8A15-656816D92AC7}.Debug 7|Any CPU.Build.0 = Debug|Any CPU
		{DC05FFEC-A67E-44DA-8A15-656816D92AC7}.Debug 8|Any CPU.ActiveCfg = Debug|Any CPU
		{DC05FFEC-A67E-44DA-8A15-656816D92AC7}.Debug 8|Any CPU.Build.0 = Debug|Any CPU
		{DC05FFEC-A67E-44DA-8A15-656816D92AC7}.Release|Any CPU.ActiveCfg = Release|Any CPU
		{DC05FFEC-A67E-44DA-8A15-656816D92AC7}.Release|Any CPU.Build.0 = Release|Any CPU
		{E86F65ED-AE31-47A6-AB39-D99368C02ABD}.Debug 7|Any CPU.ActiveCfg = Debug|Any CPU
		{E86F65ED-AE31-47A6-AB39-D99368C02ABD}.Debug 7|Any CPU.Build.0 = Debug|Any CPU
		{E86F65ED-AE31-47A6-AB39-D99368C02ABD}.Debug 8|Any CPU.ActiveCfg = Debug Rhino 8|Any CPU
		{E86F65ED-AE31-47A6-AB39-D99368C02ABD}.Debug 8|Any CPU.Build.0 = Debug Rhino 8|Any CPU
		{E86F65ED-AE31-47A6-AB39-D99368C02ABD}.Release|Any CPU.ActiveCfg = Release|Any CPU
		{E86F65ED-AE31-47A6-AB39-D99368C02ABD}.Release|Any CPU.Build.0 = Release|Any CPU
	EndGlobalSection
	GlobalSection(SolutionProperties) = preSolution
		HideSolutionNode = FALSE
	EndGlobalSection
	GlobalSection(ExtensibilityGlobals) = postSolution
		SolutionGuid = {4348274C-ABE2-45EE-A21E-8F5909BE7900}
	EndGlobalSection
EndGlobal
